
Microsoft Visual Studio Solution File, Format Version 12.00
# Visual Studio Version 16
VisualStudioVersion = 16.0.31005.135
MinimumVisualStudioVersion = 10.0.40219.1
Project("{FAE04EC0-301F-11D3-BF4B-00C04F79EFBC}") = "Shannon-Fano", "Shannon-Fano\Shannon-Fano.csproj", "{F474007E-1233-48A0-9E6D-2484C682661A}"
EndProject
Global
	GlobalSection(SolutionConfigurationPlatforms) = preSolution
		Debug|Any CPU = Debug|Any CPU
		Release|Any CPU = Release|Any CPU
	EndGlobalSection
	GlobalSection(ProjectConfigurationPlatforms) = postSolution
		{F474007E-1233-48A0-9E6D-2484C682661A}.Debug|Any CPU.ActiveCfg = Debug|Any CPU
		{F474007E-1233-48A0-9E6D-2484C682661A}.Debug|Any CPU.Build.0 = Debug|Any CPU
		{F474007E-1233-48A0-9E6D-2484C682661A}.Release|Any CPU.ActiveCfg = Release|Any CPU
		{F474007E-1233-48A0-9E6D-2484C682661A}.Release|Any CPU.Build.0 = Release|Any CPU
	EndGlobalSection
	GlobalSection(SolutionProperties) = preSolution
		HideSolutionNode = FALSE
	EndGlobalSection
	GlobalSection(ExtensibilityGlobals) = postSolution
		SolutionGuid = {EDD8F01C-2090-4511-A10F-A8ADC38203F7}
	EndGlobalSection
EndGlobal
